// !$*UTF8*$!
{
	archiveVersion = 1;
	classes = {
	};
	objectVersion = 46;
	objects = {

/* Begin PBXBuildFile section */
		712C26B31E0A59CF00A50711 /* main.m in Sources */ = {isa = PBXBuildFile; fileRef = 712C26B21E0A59CF00A50711 /* main.m */; };
		712C26B61E0A59CF00A50711 /* AppDelegate.m in Sources */ = {isa = PBXBuildFile; fileRef = 712C26B51E0A59CF00A50711 /* AppDelegate.m */; };
		712C26B91E0A59CF00A50711 /* ViewController.m in Sources */ = {isa = PBXBuildFile; fileRef = 712C26B81E0A59CF00A50711 /* ViewController.m */; };
		712C26BC1E0A59CF00A50711 /* Main.storyboard in Resources */ = {isa = PBXBuildFile; fileRef = 712C26BA1E0A59CF00A50711 /* Main.storyboard */; };
		712C26BE1E0A59CF00A50711 /* Assets.xcassets in Resources */ = {isa = PBXBuildFile; fileRef = 712C26BD1E0A59CF00A50711 /* Assets.xcassets */; };
		712C26C11E0A59CF00A50711 /* LaunchScreen.storyboard in Resources */ = {isa = PBXBuildFile; fileRef = 712C26BF1E0A59CF00A50711 /* LaunchScreen.storyboard */; };
		712C26CC1E0A59CF00A50711 /* ex1_1_1Tests.m in Sources */ = {isa = PBXBuildFile; fileRef = 712C26CB1E0A59CF00A50711 /* ex1_1_1Tests.m */; };
		712C26D71E0A59CF00A50711 /* ex1_1_1UITests.m in Sources */ = {isa = PBXBuildFile; fileRef = 712C26D61E0A59CF00A50711 /* ex1_1_1UITests.m */; };
/* End PBXBuildFile section */

/* Begin PBXContainerItemProxy section */
		712C26C81E0A59CF00A50711 /* PBXContainerItemProxy */ = {
			isa = PBXContainerItemProxy;
			containerPortal = 712C26A61E0A59CF00A50711 /* Project object */;
			proxyType = 1;
			remoteGlobalIDString = 712C26AD1E0A59CF00A50711;
			remoteInfo = "ex1-1-1";
		};
		712C26D31E0A59CF00A50711 /* PBXContainerItemProxy */ = {
			isa = PBXContainerItemProxy;
			containerPortal = 712C26A61E0A59CF00A50711 /* Project object */;
			proxyType = 1;
			remoteGlobalIDString = 712C26AD1E0A59CF00A50711;
			remoteInfo = "ex1-1-1";
		};
/* End PBXContainerItemProxy section */

/* Begin PBXFileReference section */
		712C26AE1E0A59CF00A50711 /* ex1-1-1.app */ = {isa = PBXFileReference; explicitFileType = wrapper.application; includeInIndex = 0; path = "ex1-1-1.app"; sourceTree = BUILT_PRODUCTS_DIR; };
		712C26B21E0A59CF00A50711 /* main.m */ = {isa = PBXFileReference; lastKnownFileType = sourcecode.c.objc; path = main.m; sourceTree = "<group>"; };
		712C26B41E0A59CF00A50711 /* AppDelegate.h */ = {isa = PBXFileReference; lastKnownFileType = sourcecode.c.h; path = AppDelegate.h; sourceTree = "<group>"; };
		712C26B51E0A59CF00A50711 /* AppDelegate.m */ = {isa = PBXFileReference; lastKnownFileType = sourcecode.c.objc; path = AppDelegate.m; sourceTree = "<group>"; };
		712C26B71E0A59CF00A50711 /* ViewController.h */ = {isa = PBXFileReference; lastKnownFileType = sourcecode.c.h; path = ViewController.h; sourceTree = "<group>"; };
		712C26B81E0A59CF00A50711 /* ViewController.m */ = {isa = PBXFileReference; lastKnownFileType = sourcecode.c.objc; path = ViewController.m; sourceTree = "<group>"; };
		712C26BB1E0A59CF00A50711 /* Base */ = {isa = PBXFileReference; lastKnownFileType = file.storyboard; name = Base; path = Base.lproj/Main.storyboard; sourceTree = "<group>"; };
		712C26BD1E0A59CF00A50711 /* Assets.xcassets */ = {isa = PBXFileReference; lastKnownFileType = folder.assetcatalog; path = Assets.xcassets; sourceTree = "<group>"; };
		712C26C01E0A59CF00A50711 /* Base */ = {isa = PBXFileReference; lastKnownFileType = file.storyboard; name = Base; path = Base.lproj/LaunchScreen.storyboard; sourceTree = "<group>"; };
		712C26C21E0A59CF00A50711 /* Info.plist */ = {isa = PBXFileReference; lastKnownFileType = text.plist.xml; path = Info.plist; sourceTree = "<group>"; };
		712C26C71E0A59CF00A50711 /* ex1-1-1Tests.xctest */ = {isa = PBXFileReference; explicitFileType = wrapper.cfbundle; includeInIndex = 0; path = "ex1-1-1Tests.xctest"; sourceTree = BUILT_PRODUCTS_DIR; };
		712C26CB1E0A59CF00A50711 /* ex1_1_1Tests.m */ = {isa = PBXFileReference; lastKnownFileType = sourcecode.c.objc; path = ex1_1_1Tests.m; sourceTree = "<group>"; };
		712C26CD1E0A59CF00A50711 /* Info.plist */ = {isa = PBXFileReference; lastKnownFileType = text.plist.xml; path = Info.plist; sourceTree = "<group>"; };
		712C26D21E0A59CF00A50711 /* ex1-1-1UITests.xctest */ = {isa = PBXFileReference; explicitFileType = wrapper.cfbundle; includeInIndex = 0; path = "ex1-1-1UITests.xctest"; sourceTree = BUILT_PRODUCTS_DIR; };
		712C26D61E0A59CF00A50711 /* ex1_1_1UITests.m */ = {isa = PBXFileReference; lastKnownFileType = sourcecode.c.objc; path = ex1_1_1UITests.m; sourceTree = "<group>"; };
		712C26D81E0A59CF00A50711 /* Info.plist */ = {isa = PBXFileReference; lastKnownFileType = text.plist.xml; path = Info.plist; sourceTree = "<group>"; };
/* End PBXFileReference section */

/* Begin PBXFrameworksBuildPhase section */
		712C26AB1E0A59CF00A50711 /* Frameworks */ = {
			isa = PBXFrameworksBuildPhase;
			buildActionMask = 2147483647;
			files = (
			);
			runOnlyForDeploymentPostprocessing = 0;
		};
		712C26C41E0A59CF00A50711 /* Frameworks */ = {
			isa = PBXFrameworksBuildPhase;
			buildActionMask = 2147483647;
			files = (
			);
			runOnlyForDeploymentPostprocessing = 0;
		};
		712C26CF1E0A59CF00A50711 /* Frameworks */ = {
			isa = PBXFrameworksBuildPhase;
			buildActionMask = 2147483647;
			files = (
			);
			runOnlyForDeploymentPostprocessing = 0;
		};
/* End PBXFrameworksBuildPhase section */

/* Begin PBXGroup section */
		712C26A51E0A59CF00A50711 = {
			isa = PBXGroup;
			children = (
				712C26B01E0A59CF00A50711 /* ex1-1-1 */,
				712C26CA1E0A59CF00A50711 /* ex1-1-1Tests */,
				712C26D51E0A59CF00A50711 /* ex1-1-1UITests */,
				712C26AF1E0A59CF00A50711 /* Products */,
			);
			sourceTree = "<group>";
		};
		712C26AF1E0A59CF00A50711 /* Products */ = {
			isa = PBXGroup;
			children = (
				712C26AE1E0A59CF00A50711 /* ex1-1-1.app */,
				712C26C71E0A59CF00A50711 /* ex1-1-1Tests.xctest */,
				712C26D21E0A59CF00A50711 /* ex1-1-1UITests.xctest */,
			);
			name = Products;
			sourceTree = "<group>";
		};
		712C26B01E0A59CF00A50711 /* ex1-1-1 */ = {
			isa = PBXGroup;
			children = (
				712C26B41E0A59CF00A50711 /* AppDelegate.h */,
				712C26B51E0A59CF00A50711 /* AppDelegate.m */,
				712C26B71E0A59CF00A50711 /* ViewController.h */,
				712C26B81E0A59CF00A50711 /* ViewController.m */,
				712C26BA1E0A59CF00A50711 /* Main.storyboard */,
				712C26BD1E0A59CF00A50711 /* Assets.xcassets */,
				712C26BF1E0A59CF00A50711 /* LaunchScreen.storyboard */,
				712C26C21E0A59CF00A50711 /* Info.plist */,
				712C26B11E0A59CF00A50711 /* Supporting Files */,
			);
			path = "ex1-1-1";
			sourceTree = "<group>";
		};
		712C26B11E0A59CF00A50711 /* Supporting Files */ = {
			isa = PBXGroup;
			children = (
				712C26B21E0A59CF00A50711 /* main.m */,
			);
			name = "Supporting Files";
			sourceTree = "<group>";
		};
		712C26CA1E0A59CF00A50711 /* ex1-1-1Tests */ = {
			isa = PBXGroup;
			children = (
				712C26CB1E0A59CF00A50711 /* ex1_1_1Tests.m */,
				712C26CD1E0A59CF00A50711 /* Info.plist */,
			);
			path = "ex1-1-1Tests";
			sourceTree = "<group>";
		};
		712C26D51E0A59CF00A50711 /* ex1-1-1UITests */ = {
			isa = PBXGroup;
			children = (
				712C26D61E0A59CF00A50711 /* ex1_1_1UITests.m */,
				712C26D81E0A59CF00A50711 /* Info.plist */,
			);
			path = "ex1-1-1UITests";
			sourceTree = "<group>";
		};
/* End PBXGroup section */

/* Begin PBXNativeTarget section */
		712C26AD1E0A59CF00A50711 /* ex1-1-1 */ = {
			isa = PBXNativeTarget;
			buildConfigurationList = 712C26DB1E0A59CF00A50711 /* Build configuration list for PBXNativeTarget "ex1-1-1" */;
			buildPhases = (
				712C26AA1E0A59CF00A50711 /* Sources */,
				712C26AB1E0A59CF00A50711 /* Frameworks */,
				712C26AC1E0A59CF00A50711 /* Resources */,
			);
			buildRules = (
			);
			dependencies = (
			);
			name = "ex1-1-1";
			productName = "ex1-1-1";
			productReference = 712C26AE1E0A59CF00A50711 /* ex1-1-1.app */;
			productType = "com.apple.product-type.application";
		};
		712C26C61E0A59CF00A50711 /* ex1-1-1Tests */ = {
			isa = PBXNativeTarget;
			buildConfigurationList = 712C26DE1E0A59CF00A50711 /* Build configuration list for PBXNativeTarget "ex1-1-1Tests" */;
			buildPhases = (
				712C26C31E0A59CF00A50711 /* Sources */,
				712C26C41E0A59CF00A50711 /* Frameworks */,
				712C26C51E0A59CF00A50711 /* Resources */,
			);
			buildRules = (
			);
			dependencies = (
				712C26C91E0A59CF00A50711 /* PBXTargetDependency */,
			);
			name = "ex1-1-1Tests";
			productName = "ex1-1-1Tests";
			productReference = 712C26C71E0A59CF00A50711 /* ex1-1-1Tests.xctest */;
			productType = "com.apple.product-type.bundle.unit-test";
		};
		712C26D11E0A59CF00A50711 /* ex1-1-1UITests */ = {
			isa = PBXNativeTarget;
			buildConfigurationList = 712C26E11E0A59CF00A50711 /* Build configuration list for PBXNativeTarget "ex1-1-1UITests" */;
			buildPhases = (
				712C26CE1E0A59CF00A50711 /* Sources */,
				712C26CF1E0A59CF00A50711 /* Frameworks */,
				712C26D01E0A59CF00A50711 /* Resources */,
			);
			buildRules = (
			);
			dependencies = (
				712C26D41E0A59CF00A50711 /* PBXTargetDependency */,
			);
			name = "ex1-1-1UITests";
			productName = "ex1-1-1UITests";
			productReference = 712C26D21E0A59CF00A50711 /* ex1-1-1UITests.xctest */;
			productType = "com.apple.product-type.bundle.ui-testing";
		};
/* End PBXNativeTarget section */

/* Begin PBXProject section */
		712C26A61E0A59CF00A50711 /* Project object */ = {
			isa = PBXProject;
			attributes = {
				LastUpgradeCheck = 0730;
				ORGANIZATIONNAME = "ITユーザー";
				TargetAttributes = {
					712C26AD1E0A59CF00A50711 = {
						CreatedOnToolsVersion = 7.3;
					};
					712C26C61E0A59CF00A50711 = {
						CreatedOnToolsVersion = 7.3;
						TestTargetID = 712C26AD1E0A59CF00A50711;
					};
					712C26D11E0A59CF00A50711 = {
						CreatedOnToolsVersion = 7.3;
						TestTargetID = 712C26AD1E0A59CF00A50711;
					};
				};
			};
			buildConfigurationList = 712C26A91E0A59CF00A50711 /* Build configuration list for PBXProject "ex1-1-1" */;
			compatibilityVersion = "Xcode 3.2";
			developmentRegion = English;
			hasScannedForEncodings = 0;
			knownRegions = (
				en,
				Base,
			);
			mainGroup = 712C26A51E0A59CF00A50711;
			productRefGroup = 712C26AF1E0A59CF00A50711 /* Products */;
			projectDirPath = "";
			projectRoot = "";
			targets = (
				712C26AD1E0A59CF00A50711 /* ex1-1-1 */,
				712C26C61E0A59CF00A50711 /* ex1-1-1Tests */,
				712C26D11E0A59CF00A50711 /* ex1-1-1UITests */,
			);
		};
/* End PBXProject section */

/* Begin PBXResourcesBuildPhase section */
		712C26AC1E0A59CF00A50711 /* Resources */ = {
			isa = PBXResourcesBuildPhase;
			buildActionMask = 2147483647;
			files = (
				712C26C11E0A59CF00A50711 /* LaunchScreen.storyboard in Resources */,
				712C26BE1E0A59CF00A50711 /* Assets.xcassets in Resources */,
				712C26BC1E0A59CF00A50711 /* Main.storyboard in Resources */,
			);
			runOnlyForDeploymentPostprocessing = 0;
		};
		712C26C51E0A59CF00A50711 /* Resources */ = {
			isa = PBXResourcesBuildPhase;
			buildActionMask = 2147483647;
			files = (
			);
			runOnlyForDeploymentPostprocessing = 0;
		};
		712C26D01E0A59CF00A50711 /* Resources */ = {
			isa = PBXResourcesBuildPhase;
			buildActionMask = 2147483647;
			files = (
			);
			runOnlyForDeploymentPostprocessing = 0;
		};
/* End PBXResourcesBuildPhase section */

/* Begin PBXSourcesBuildPhase section */
		712C26AA1E0A59CF00A50711 /* Sources */ = {
			isa = PBXSourcesBuildPhase;
			buildActionMask = 2147483647;
			files = (
				712C26B91E0A59CF00A50711 /* ViewController.m in Sources */,
				712C26B61E0A59CF00A50711 /* AppDelegate.m in Sources */,
				712C26B31E0A59CF00A50711 /* main.m in Sources */,
			);
			runOnlyForDeploymentPostprocessing = 0;
		};
		712C26C31E0A59CF00A50711 /* Sources */ = {
			isa = PBXSourcesBuildPhase;
			buildActionMask = 2147483647;
			files = (
				712C26CC1E0A59CF00A50711 /* ex1_1_1Tests.m in Sources */,
			);
			runOnlyForDeploymentPostprocessing = 0;
		};
		712C26CE1E0A59CF00A50711 /* Sources */ = {
			isa = PBXSourcesBuildPhase;
			buildActionMask = 2147483647;
			files = (
				712C26D71E0A59CF00A50711 /* ex1_1_1UITests.m in Sources */,
			);
			runOnlyForDeploymentPostprocessing = 0;
		};
/* End PBXSourcesBuildPhase section */

/* Begin PBXTargetDependency section */
		712C26C91E0A59CF00A50711 /* PBXTargetDependency */ = {
			isa = PBXTargetDependency;
			target = 712C26AD1E0A59CF00A50711 /* ex1-1-1 */;
			targetProxy = 712C26C81E0A59CF00A50711 /* PBXContainerItemProxy */;
		};
		712C26D41E0A59CF00A50711 /* PBXTargetDependency */ = {
			isa = PBXTargetDependency;
			target = 712C26AD1E0A59CF00A50711 /* ex1-1-1 */;
			targetProxy = 712C26D31E0A59CF00A50711 /* PBXContainerItemProxy */;
		};
/* End PBXTargetDependency section */

/* Begin PBXVariantGroup section */
		712C26BA1E0A59CF00A50711 /* Main.storyboard */ = {
			isa = PBXVariantGroup;
			children = (
				712C26BB1E0A59CF00A50711 /* Base */,
			);
			name = Main.storyboard;
			sourceTree = "<group>";
		};
		712C26BF1E0A59CF00A50711 /* LaunchScreen.storyboard */ = {
			isa = PBXVariantGroup;
			children = (
				712C26C01E0A59CF00A50711 /* Base */,
			);
			name = LaunchScreen.storyboard;
			sourceTree = "<group>";
		};
/* End PBXVariantGroup section */

/* Begin XCBuildConfiguration section */
		712C26D91E0A59CF00A50711 /* Debug */ = {
			isa = XCBuildConfiguration;
			buildSettings = {
				ALWAYS_SEARCH_USER_PATHS = NO;
				CLANG_ANALYZER_NONNULL = YES;
				CLANG_CXX_LANGUAGE_STANDARD = "gnu++0x";
				CLANG_CXX_LIBRARY = "libc++";
				CLANG_ENABLE_MODULES = YES;
				CLANG_ENABLE_OBJC_ARC = YES;
				CLANG_WARN_BOOL_CONVERSION = YES;
				CLANG_WARN_CONSTANT_CONVERSION = YES;
				CLANG_WARN_DIRECT_OBJC_ISA_USAGE = YES_ERROR;
				CLANG_WARN_EMPTY_BODY = YES;
				CLANG_WARN_ENUM_CONVERSION = YES;
				CLANG_WARN_INT_CONVERSION = YES;
				CLANG_WARN_OBJC_ROOT_CLASS = YES_ERROR;
				CLANG_WARN_UNREACHABLE_CODE = YES;
				CLANG_WARN__DUPLICATE_METHOD_MATCH = YES;
				"CODE_SIGN_IDENTITY[sdk=iphoneos*]" = "iPhone Developer";
				COPY_PHASE_STRIP = NO;
				DEBUG_INFORMATION_FORMAT = dwarf;
				ENABLE_STRICT_OBJC_MSGSEND = YES;
				ENABLE_TESTABILITY = YES;
				GCC_C_LANGUAGE_STANDARD = gnu99;
				GCC_DYNAMIC_NO_PIC = NO;
				GCC_NO_COMMON_BLOCKS = YES;
				GCC_OPTIMIZATION_LEVEL = 0;
				GCC_PREPROCESSOR_DEFINITIONS = (
					"DEBUG=1",
					"$(inherited)",
				);
				GCC_WARN_64_TO_32_BIT_CONVERSION = YES;
				GCC_WARN_ABOUT_RETURN_TYPE = YES_ERROR;
				GCC_WARN_UNDECLARED_SELECTOR = YES;
				GCC_WARN_UNINITIALIZED_AUTOS = YES_AGGRESSIVE;
				GCC_WARN_UNUSED_FUNCTION = YES;
				GCC_WARN_UNUSED_VARIABLE = YES;
				IPHONEOS_DEPLOYMENT_TARGET = 9.3;
				MTL_ENABLE_DEBUG_INFO = YES;
				ONLY_ACTIVE_ARCH = YES;
				SDKROOT = iphoneos;
				TARGETED_DEVICE_FAMILY = "1,2";
			};
			name = Debug;
		};
		712C26DA1E0A59CF00A50711 /* Release */ = {
			isa = XCBuildConfiguration;
			buildSettings = {
				ALWAYS_SEARCH_USER_PATHS = NO;
				CLANG_ANALYZER_NONNULL = YES;
				CLANG_CXX_LANGUAGE_STANDARD = "gnu++0x";
				CLANG_CXX_LIBRARY = "libc++";
				CLANG_ENABLE_MODULES = YES;
				CLANG_ENABLE_OBJC_ARC = YES;
				CLANG_WARN_BOOL_CONVERSION = YES;
				CLANG_WARN_CONSTANT_CONVERSION = YES;
				CLANG_WARN_DIRECT_OBJC_ISA_USAGE = YES_ERROR;
				CLANG_WARN_EMPTY_BODY = YES;
				CLANG_WARN_ENUM_CONVERSION = YES;
				CLANG_WARN_INT_CONVERSION = YES;
				CLANG_WARN_OBJC_ROOT_CLASS = YES_ERROR;
				CLANG_WARN_UNREACHABLE_CODE = YES;
				CLANG_WARN__DUPLICATE_METHOD_MATCH = YES;
				"CODE_SIGN_IDENTITY[sdk=iphoneos*]" = "iPhone Developer";
				COPY_PHASE_STRIP = NO;
				DEBUG_INFORMATION_FORMAT = "dwarf-with-dsym";
				ENABLE_NS_ASSERTIONS = NO;
				ENABLE_STRICT_OBJC_MSGSEND = YES;
				GCC_C_LANGUAGE_STANDARD = gnu99;
				GCC_NO_COMMON_BLOCKS = YES;
				GCC_WARN_64_TO_32_BIT_CONVERSION = YES;
				GCC_WARN_ABOUT_RETURN_TYPE = YES_ERROR;
				GCC_WARN_UNDECLARED_SELECTOR = YES;
				GCC_WARN_UNINITIALIZED_AUTOS = YES_AGGRESSIVE;
				GCC_WARN_UNUSED_FUNCTION = YES;
				GCC_WARN_UNUSED_VARIABLE = YES;
				IPHONEOS_DEPLOYMENT_TARGET = 9.3;
				MTL_ENABLE_DEBUG_INFO = NO;
				SDKROOT = iphoneos;
				TARGETED_DEVICE_FAMILY = "1,2";
				VALIDATE_PRODUCT = YES;
			};
			name = Release;
		};
		712C26DC1E0A59CF00A50711 /* Debug */ = {
			isa = XCBuildConfiguration;
			buildSettings = {
				ASSETCATALOG_COMPILER_APPICON_NAME = AppIcon;
				INFOPLIST_FILE = "ex1-1-1/Info.plist";
				LD_RUNPATH_SEARCH_PATHS = "$(inherited) @executable_path/Frameworks";
				PRODUCT_BUNDLE_IDENTIFIER = "com.example.ex1-1-1";
				PRODUCT_NAME = "$(TARGET_NAME)";
			};
			name = Debug;
		};
		712C26DD1E0A59CF00A50711 /* Release */ = {
			isa = XCBuildConfiguration;
			buildSettings = {
				ASSETCATALOG_COMPILER_APPICON_NAME = AppIcon;
				INFOPLIST_FILE = "ex1-1-1/Info.plist";
				LD_RUNPATH_SEARCH_PATHS = "$(inherited) @executable_path/Frameworks";
				PRODUCT_BUNDLE_IDENTIFIER = "com.example.ex1-1-1";
				PRODUCT_NAME = "$(TARGET_NAME)";
			};
			name = Release;
		};
		712C26DF1E0A59CF00A50711 /* Debug */ = {
			isa = XCBuildConfiguration;
			buildSettings = {
				BUNDLE_LOADER = "$(TEST_HOST)";
				INFOPLIST_FILE = "ex1-1-1Tests/Info.plist";
				LD_RUNPATH_SEARCH_PATHS = "$(inherited) @executable_path/Frameworks @loader_path/Frameworks";
				PRODUCT_BUNDLE_IDENTIFIER = "com.example.ex1-1-1Tests";
				PRODUCT_NAME = "$(TARGET_NAME)";
				TEST_HOST = "$(BUILT_PRODUCTS_DIR)/ex1-1-1.app/ex1-1-1";
			};
			name = Debug;
		};
		712C26E01E0A59CF00A50711 /* Release */ = {
			isa = XCBuildConfiguration;
			buildSettings = {
				BUNDLE_LOADER = "$(TEST_HOST)";
				INFOPLIST_FILE = "ex1-1-1Tests/Info.plist";
				LD_RUNPATH_SEARCH_PATHS = "$(inherited) @executable_path/Frameworks @loader_path/Frameworks";
				PRODUCT_BUNDLE_IDENTIFIER = "com.example.ex1-1-1Tests";
				PRODUCT_NAME = "$(TARGET_NAME)";
				TEST_HOST = "$(BUILT_PRODUCTS_DIR)/ex1-1-1.app/ex1-1-1";
			};
			name = Release;
		};
		712C26E21E0A59CF00A50711 /* Debug */ = {
			isa = XCBuildConfiguration;
			buildSettings = {
				INFOPLIST_FILE = "ex1-1-1UITests/Info.plist";
				LD_RUNPATH_SEARCH_PATHS = "$(inherited) @executable_path/Frameworks @loader_path/Frameworks";
				PRODUCT_BUNDLE_IDENTIFIER = "com.example.ex1-1-1UITests";
				PRODUCT_NAME = "$(TARGET_NAME)";
				TEST_TARGET_NAME = "ex1-1-1";
			};
			name = Debug;
		};
		712C26E31E0A59CF00A50711 /* Release */ = {
			isa = XCBuildConfiguration;
			buildSettings = {
				INFOPLIST_FILE = "ex1-1-1UITests/Info.plist";
				LD_RUNPATH_SEARCH_PATHS = "$(inherited) @executable_path/Frameworks @loader_path/Frameworks";
				PRODUCT_BUNDLE_IDENTIFIER = "com.example.ex1-1-1UITests";
				PRODUCT_NAME = "$(TARGET_NAME)";
				TEST_TARGET_NAME = "ex1-1-1";
			};
			name = Release;
		};
/* End XCBuildConfiguration section */

/* Begin XCConfigurationList section */
		712C26A91E0A59CF00A50711 /* Build configuration list for PBXProject "ex1-1-1" */ = {
			isa = XCConfigurationList;
			buildConfigurations = (
				712C26D91E0A59CF00A50711 /* Debug */,
				712C26DA1E0A59CF00A50711 /* Release */,
			);
			defaultConfigurationIsVisible = 0;
			defaultConfigurationName = Release;
		};
		712C26DB1E0A59CF00A50711 /* Build configuration list for PBXNativeTarget "ex1-1-1" */ = {
			isa = XCConfigurationList;
			buildConfigurations = (
				712C26DC1E0A59CF00A50711 /* Debug */,
				712C26DD1E0A59CF00A50711 /* Release */,
			);
			defaultConfigurationIsVisible = 0;
		};
		712C26DE1E0A59CF00A50711 /* Build configuration list for PBXNativeTarget "ex1-1-1Tests" */ = {
			isa = XCConfigurationList;
			buildConfigurations = (
				712C26DF1E0A59CF00A50711 /* Debug */,
				712C26E01E0A59CF00A50711 /* Release */,
			);
			defaultConfigurationIsVisible = 0;
		};
		712C26E11E0A59CF00A50711 /* Build configuration list for PBXNativeTarget "ex1-1-1UITests" */ = {
			isa = XCConfigurationList;
			buildConfigurations = (
				712C26E21E0A59CF00A50711 /* Debug */,
				712C26E31E0A59CF00A50711 /* Release */,
			);
			defaultConfigurationIsVisible = 0;
		};
/* End XCConfigurationList section */
	};
	rootObject = 712C26A61E0A59CF00A50711 /* Project object */;
}
